
Microsoft Visual Studio Solution File, Format Version 9.00
# Visual Studio 2005
Project("{8BC9CEB8-8B4A-11D0-8D11-00A0C91BC942}") = "afdgp", "afdgp\afdgp.vcproj", "{3A093EF9-7C69-4B7E-897B-67023493267E}"
EndProject
Project("{8BC9CEB8-8B4A-11D0-8D11-00A0C91BC942}") = "mod_eval_panfilter", "mod_eval_panfilter\mod_eval_panfilter.vcproj", "{81A5C830-937B-4B89-BC7C-B992CA0B40BA}"
EndProject
Project("{2150E333-8FDC-42A3-9474-1A3956D46DE8}") = "Common", "Common", "{EDEC7360-11C0-489B-98A0-F8E62A55A735}"
	ProjectSection(SolutionItems) = preProject
		common\eval_module.h = common\eval_module.h
		common\high_resolution_timer.hpp = common\high_resolution_timer.hpp
		common\i_mod_spice.h = common\i_mod_spice.h
		common\module.h = common\module.h
		common\ops_module.h = common\ops_module.h
		common\panf_genome.h = common\panf_genome.h
		common\population.h = common\population.h
		common\profiler.hpp = common\profiler.hpp
	EndProjectSection
EndProject
Project("{8BC9CEB8-8B4A-11D0-8D11-00A0C91BC942}") = "mod_genops_panfilter", "mod_genops_panfilter\mod_genops_panfilter.vcproj", "{2D646185-FB82-41F5-A34B-FAF6C3C1A6D4}"
EndProject
Project("{8BC9CEB8-8B4A-11D0-8D11-00A0C91BC942}") = "mod_spice", "mod_spice\mod_spice.vcproj", "{A266050F-9936-47EB-B501-1205CC92758D}"
EndProject
Project("{2150E333-8FDC-42A3-9474-1A3956D46DE8}") = "Solution Items", "Solution Items", "{BBB8008C-85E3-45F2-8426-4F6C17225202}"
	ProjectSection(SolutionItems) = preProject
		afdgp\config.properties = afdgp\config.properties
		misc.txt = misc.txt
		notas.txt = notas.txt
		afdgp\test_job.properties = afdgp\test_job.properties
	EndProjectSection
EndProject
Project("{8BC9CEB8-8B4A-11D0-8D11-00A0C91BC942}") = "tests", "tests\tests.vcproj", "{48B12D32-3CB6-4562-947D-7B0EEE736E6D}"
EndProject
Project("{8BC9CEB8-8B4A-11D0-8D11-00A0C91BC942}") = "evaluator", "evaluator\evaluator.vcproj", "{DDCCF871-CE69-4A2A-81CF-BB9B270BC194}"
EndProject
Global
	GlobalSection(SolutionConfigurationPlatforms) = preSolution
		Debug|Win32 = Debug|Win32
		Release|Win32 = Release|Win32
	EndGlobalSection
	GlobalSection(ProjectConfigurationPlatforms) = postSolution
		{3A093EF9-7C69-4B7E-897B-67023493267E}.Debug|Win32.ActiveCfg = Debug|Win32
		{3A093EF9-7C69-4B7E-897B-67023493267E}.Debug|Win32.Build.0 = Debug|Win32
		{3A093EF9-7C69-4B7E-897B-67023493267E}.Release|Win32.ActiveCfg = Release|Win32
		{3A093EF9-7C69-4B7E-897B-67023493267E}.Release|Win32.Build.0 = Release|Win32
		{81A5C830-937B-4B89-BC7C-B992CA0B40BA}.Debug|Win32.ActiveCfg = Debug|Win32
		{81A5C830-937B-4B89-BC7C-B992CA0B40BA}.Debug|Win32.Build.0 = Debug|Win32
		{81A5C830-937B-4B89-BC7C-B992CA0B40BA}.Release|Win32.ActiveCfg = Release|Win32
		{81A5C830-937B-4B89-BC7C-B992CA0B40BA}.Release|Win32.Build.0 = Release|Win32
		{2D646185-FB82-41F5-A34B-FAF6C3C1A6D4}.Debug|Win32.ActiveCfg = Debug|Win32
		{2D646185-FB82-41F5-A34B-FAF6C3C1A6D4}.Debug|Win32.Build.0 = Debug|Win32
		{2D646185-FB82-41F5-A34B-FAF6C3C1A6D4}.Release|Win32.ActiveCfg = Release|Win32
		{2D646185-FB82-41F5-A34B-FAF6C3C1A6D4}.Release|Win32.Build.0 = Release|Win32
		{A266050F-9936-47EB-B501-1205CC92758D}.Debug|Win32.ActiveCfg = Debug|Win32
		{A266050F-9936-47EB-B501-1205CC92758D}.Debug|Win32.Build.0 = Debug|Win32
		{A266050F-9936-47EB-B501-1205CC92758D}.Release|Win32.ActiveCfg = Release|Win32
		{A266050F-9936-47EB-B501-1205CC92758D}.Release|Win32.Build.0 = Release|Win32
		{48B12D32-3CB6-4562-947D-7B0EEE736E6D}.Debug|Win32.ActiveCfg = Debug|Win32
		{48B12D32-3CB6-4562-947D-7B0EEE736E6D}.Debug|Win32.Build.0 = Debug|Win32
		{48B12D32-3CB6-4562-947D-7B0EEE736E6D}.Release|Win32.ActiveCfg = Release|Win32
		{48B12D32-3CB6-4562-947D-7B0EEE736E6D}.Release|Win32.Build.0 = Release|Win32
		{DDCCF871-CE69-4A2A-81CF-BB9B270BC194}.Debug|Win32.ActiveCfg = Debug|Win32
		{DDCCF871-CE69-4A2A-81CF-BB9B270BC194}.Debug|Win32.Build.0 = Debug|Win32
		{DDCCF871-CE69-4A2A-81CF-BB9B270BC194}.Release|Win32.ActiveCfg = Release|Win32
		{DDCCF871-CE69-4A2A-81CF-BB9B270BC194}.Release|Win32.Build.0 = Release|Win32
	EndGlobalSection
	GlobalSection(SolutionProperties) = preSolution
		HideSolutionNode = FALSE
	EndGlobalSection
EndGlobal
